
Microsoft Visual Studio Solution File, Format Version 12.00
# Visual Studio Version 17
VisualStudioVersion = 17.14.36301.6 d17.14
MinimumVisualStudioVersion = 10.0.40219.1
Project("{FAE04EC0-301F-11D3-BF4B-00C04F79EFBC}") = "PDFProcessor", "PDFProcessor.csproj", "{C51CADD2-55E7-48A7-93E1-23F6CBC00642}"
EndProject
Project("{FAE04EC0-301F-11D3-BF4B-00C04F79EFBC}") = "PDFManager", "..\PDFManager\PDFManager.csproj", "{AAD12AC7-10E0-4423-B60C-3BCD1BE9A967}"
EndProject
Project("{FAE04EC0-301F-11D3-BF4B-00C04F79EFBC}") = "PDFControl", "..\PDFControl\PDFControl.csproj", "{34AD5FCE-A69B-4721-9E4D-A96B5E7833CD}"
EndProject
Global
	GlobalSection(SolutionConfigurationPlatforms) = preSolution
		Debug|Any CPU = Debug|Any CPU
		Release|Any CPU = Release|Any CPU
	EndGlobalSection
	GlobalSection(ProjectConfigurationPlatforms) = postSolution
		{C51CADD2-55E7-48A7-93E1-23F6CBC00642}.Debug|Any CPU.ActiveCfg = Debug|Any CPU
		{C51CADD2-55E7-48A7-93E1-23F6CBC00642}.Debug|Any CPU.Build.0 = Debug|Any CPU
		{C51CADD2-55E7-48A7-93E1-23F6CBC00642}.Release|Any CPU.ActiveCfg = Release|Any CPU
		{C51CADD2-55E7-48A7-93E1-23F6CBC00642}.Release|Any CPU.Build.0 = Release|Any CPU
		{AAD12AC7-10E0-4423-B60C-3BCD1BE9A967}.Debug|Any CPU.ActiveCfg = Debug|Any CPU
		{AAD12AC7-10E0-4423-B60C-3BCD1BE9A967}.Debug|Any CPU.Build.0 = Debug|Any CPU
		{AAD12AC7-10E0-4423-B60C-3BCD1BE9A967}.Release|Any CPU.ActiveCfg = Release|Any CPU
		{AAD12AC7-10E0-4423-B60C-3BCD1BE9A967}.Release|Any CPU.Build.0 = Release|Any CPU
		{34AD5FCE-A69B-4721-9E4D-A96B5E7833CD}.Debug|Any CPU.ActiveCfg = Debug|Any CPU
		{34AD5FCE-A69B-4721-9E4D-A96B5E7833CD}.Debug|Any CPU.Build.0 = Debug|Any CPU
		{34AD5FCE-A69B-4721-9E4D-A96B5E7833CD}.Release|Any CPU.ActiveCfg = Release|Any CPU
		{34AD5FCE-A69B-4721-9E4D-A96B5E7833CD}.Release|Any CPU.Build.0 = Release|Any CPU
	EndGlobalSection
	GlobalSection(SolutionProperties) = preSolution
		HideSolutionNode = FALSE
	EndGlobalSection
	GlobalSection(ExtensibilityGlobals) = postSolution
		SolutionGuid = {4A25394D-0211-4AB5-A26A-08FC2E60B303}
	EndGlobalSection
EndGlobal
